// !$*UTF8*$!
{
	archiveVersion = 1;
	classes = {
	};
	objectVersion = 46;
	objects = {

/* Begin PBXBuildFile section */
		D1103CD01C3CD84F0003110E /* TaskHandler.cpp in Sources */ = {isa = PBXBuildFile; fileRef = D1103CCE1C3CD84F0003110E /* TaskHandler.cpp */; };
		D13AA1721C105626005F8265 /* main.cpp in Sources */ = {isa = PBXBuildFile; fileRef = D13AA1711C105626005F8265 /* main.cpp */; };
		D143EC6F1C91BFA30026B3F1 /* SDL2_ttf.framework in Frameworks */ = {isa = PBXBuildFile; fileRef = D143EC6E1C91BFA20026B3F1 /* SDL2_ttf.framework */; };
		D17C9F771C1059F700EB6C4E /* SDL2.framework in Frameworks */ = {isa = PBXBuildFile; fileRef = D17C9F761C1059F700EB6C4E /* SDL2.framework */; };
		D18232811C2E627100EBBB3E /* GlobalTimer.cpp in Sources */ = {isa = PBXBuildFile; fileRef = D18232801C2E627100EBBB3E /* GlobalTimer.cpp */; };
		D18232851C3049A400EBBB3E /* igtl_qmesh.cpp in Sources */ = {isa = PBXBuildFile; fileRef = D18232831C3049A400EBBB3E /* igtl_qmesh.cpp */; };
		D18232881C30529000EBBB3E /* GraphicsTask.cpp in Sources */ = {isa = PBXBuildFile; fileRef = D18232871C30529000EBBB3E /* GraphicsTask.cpp */; };
		D182328B1C305E2700EBBB3E /* Bullet.cpp in Sources */ = {isa = PBXBuildFile; fileRef = D18232891C305E2700EBBB3E /* Bullet.cpp */; };
		D182328E1C3061E800EBBB3E /* LevelHandler.cpp in Sources */ = {isa = PBXBuildFile; fileRef = D182328C1C3061E800EBBB3E /* LevelHandler.cpp */; };
		D18232911C30632400EBBB3E /* Item.cpp in Sources */ = {isa = PBXBuildFile; fileRef = D182328F1C30632400EBBB3E /* Item.cpp */; };
		D18232961C3064F500EBBB3E /* Tank.cpp in Sources */ = {isa = PBXBuildFile; fileRef = D18232921C3064F500EBBB3E /* Tank.cpp */; };
		D18232971C3064F500EBBB3E /* TankHandler.cpp in Sources */ = {isa = PBXBuildFile; fileRef = D18232941C3064F500EBBB3E /* TankHandler.cpp */; };
		D182329A1C3068E600EBBB3E /* FXHandler.cpp in Sources */ = {isa = PBXBuildFile; fileRef = D18232981C3068E600EBBB3E /* FXHandler.cpp */; };
		D182329D1C3069C800EBBB3E /* GameTask.cpp in Sources */ = {isa = PBXBuildFile; fileRef = D182329B1C3069C800EBBB3E /* GameTask.cpp */; };
		D18232A01C306ADE00EBBB3E /* SoundTask.cpp in Sources */ = {isa = PBXBuildFile; fileRef = D182329E1C306ADE00EBBB3E /* SoundTask.cpp */; };
		D18232A21C306E8500EBBB3E /* SDL2_mixer.framework in Frameworks */ = {isa = PBXBuildFile; fileRef = D18232A11C306E8500EBBB3E /* SDL2_mixer.framework */; };
		D18232A51C30818300EBBB3E /* VideoTask.cpp in Sources */ = {isa = PBXBuildFile; fileRef = D18232A31C30818300EBBB3E /* VideoTask.cpp */; };
		D18232A71C30892E00EBBB3E /* InputTask.cpp in Sources */ = {isa = PBXBuildFile; fileRef = D18232A61C30892E00EBBB3E /* InputTask.cpp */; };
		D18A7DFE1C14F3E1000EA314 /* OpenGL.framework in Frameworks */ = {isa = PBXBuildFile; fileRef = D18A7DFD1C14F3E1000EA314 /* OpenGL.framework */; };
/* End PBXBuildFile section */

/* Begin PBXCopyFilesBuildPhase section */
		D13AA16C1C105626005F8265 /* CopyFiles */ = {
			isa = PBXCopyFilesBuildPhase;
			buildActionMask = 2147483647;
			dstPath = /usr/share/man/man1/;
			dstSubfolderSpec = 0;
			files = (
			);
			runOnlyForDeploymentPostprocessing = 1;
		};
/* End PBXCopyFilesBuildPhase section */

/* Begin PBXFileReference section */
		D1103CCE1C3CD84F0003110E /* TaskHandler.cpp */ = {isa = PBXFileReference; fileEncoding = 4; lastKnownFileType = sourcecode.cpp.cpp; path = TaskHandler.cpp; sourceTree = "<group>"; };
		D1103CCF1C3CD84F0003110E /* TaskHandler.h */ = {isa = PBXFileReference; fileEncoding = 4; lastKnownFileType = sourcecode.c.h; path = TaskHandler.h; sourceTree = "<group>"; };
		D12175011C2381410034C96C /* BaseTask.h */ = {isa = PBXFileReference; lastKnownFileType = sourcecode.c.h; path = BaseTask.h; sourceTree = "<group>"; };
		D12EB41A1C1624A500640F9F /* Singleton.h */ = {isa = PBXFileReference; lastKnownFileType = sourcecode.c.h; path = Singleton.h; sourceTree = "<group>"; };
		D13AA16E1C105626005F8265 /* tankgame */ = {isa = PBXFileReference; explicitFileType = "compiled.mach-o.executable"; includeInIndex = 0; path = tankgame; sourceTree = BUILT_PRODUCTS_DIR; };
		D13AA1711C105626005F8265 /* main.cpp */ = {isa = PBXFileReference; lastKnownFileType = sourcecode.cpp.cpp; path = main.cpp; sourceTree = "<group>"; };
		D143EC6E1C91BFA20026B3F1 /* SDL2_ttf.framework */ = {isa = PBXFileReference; lastKnownFileType = wrapper.framework; name = SDL2_ttf.framework; path = ../../../../../../Library/Frameworks/SDL2_ttf.framework; sourceTree = "<group>"; };
		D166881E1CFCF7660041FE04 /* runtime */ = {isa = PBXFileReference; lastKnownFileType = folder; name = runtime; path = tankgame/runtime; sourceTree = "<group>"; };
		D17C9F761C1059F700EB6C4E /* SDL2.framework */ = {isa = PBXFileReference; lastKnownFileType = wrapper.framework; name = SDL2.framework; path = ../../../../../../Library/Frameworks/SDL2.framework; sourceTree = "<group>"; };
		D182327D1C2A6BE100EBBB3E /* App.h */ = {isa = PBXFileReference; lastKnownFileType = sourcecode.c.h; path = App.h; sourceTree = "<group>"; };
		D182327E1C2BBED000EBBB3E /* math.h */ = {isa = PBXFileReference; lastKnownFileType = sourcecode.c.h; path = math.h; sourceTree = "<group>"; };
		D182327F1C2D0E0C00EBBB3E /* GlobalTimer.h */ = {isa = PBXFileReference; lastKnownFileType = sourcecode.c.h; path = GlobalTimer.h; sourceTree = "<group>"; };
		D18232801C2E627100EBBB3E /* GlobalTimer.cpp */ = {isa = PBXFileReference; fileEncoding = 4; lastKnownFileType = sourcecode.cpp.cpp; path = GlobalTimer.cpp; sourceTree = "<group>"; };
		D18232821C30471B00EBBB3E /* InputTask.h */ = {isa = PBXFileReference; lastKnownFileType = sourcecode.c.h; path = InputTask.h; sourceTree = "<group>"; };
		D18232831C3049A400EBBB3E /* igtl_qmesh.cpp */ = {isa = PBXFileReference; fileEncoding = 4; lastKnownFileType = sourcecode.cpp.cpp; path = igtl_qmesh.cpp; sourceTree = "<group>"; };
		D18232841C3049A400EBBB3E /* igtl_qmesh.h */ = {isa = PBXFileReference; fileEncoding = 4; lastKnownFileType = sourcecode.c.h; path = igtl_qmesh.h; sourceTree = "<group>"; };
		D18232861C30523400EBBB3E /* GraphicsTask.h */ = {isa = PBXFileReference; lastKnownFileType = sourcecode.c.h; path = GraphicsTask.h; sourceTree = "<group>"; };
		D18232871C30529000EBBB3E /* GraphicsTask.cpp */ = {isa = PBXFileReference; fileEncoding = 4; lastKnownFileType = sourcecode.cpp.cpp; path = GraphicsTask.cpp; sourceTree = "<group>"; };
		D18232891C305E2700EBBB3E /* Bullet.cpp */ = {isa = PBXFileReference; fileEncoding = 4; lastKnownFileType = sourcecode.cpp.cpp; path = Bullet.cpp; sourceTree = "<group>"; };
		D182328A1C305E2700EBBB3E /* Bullet.h */ = {isa = PBXFileReference; fileEncoding = 4; lastKnownFileType = sourcecode.c.h; path = Bullet.h; sourceTree = "<group>"; };
		D182328C1C3061E800EBBB3E /* LevelHandler.cpp */ = {isa = PBXFileReference; fileEncoding = 4; lastKnownFileType = sourcecode.cpp.cpp; path = LevelHandler.cpp; sourceTree = "<group>"; };
		D182328D1C3061E800EBBB3E /* LevelHandler.h */ = {isa = PBXFileReference; fileEncoding = 4; lastKnownFileType = sourcecode.c.h; path = LevelHandler.h; sourceTree = "<group>"; };
		D182328F1C30632400EBBB3E /* Item.cpp */ = {isa = PBXFileReference; fileEncoding = 4; lastKnownFileType = sourcecode.cpp.cpp; path = Item.cpp; sourceTree = "<group>"; };
		D18232901C30632400EBBB3E /* Item.h */ = {isa = PBXFileReference; fileEncoding = 4; lastKnownFileType = sourcecode.c.h; path = Item.h; sourceTree = "<group>"; };
		D18232921C3064F500EBBB3E /* Tank.cpp */ = {isa = PBXFileReference; fileEncoding = 4; lastKnownFileType = sourcecode.cpp.cpp; path = Tank.cpp; sourceTree = "<group>"; };
		D18232931C3064F500EBBB3E /* Tank.h */ = {isa = PBXFileReference; fileEncoding = 4; lastKnownFileType = sourcecode.c.h; path = Tank.h; sourceTree = "<group>"; };
		D18232941C3064F500EBBB3E /* TankHandler.cpp */ = {isa = PBXFileReference; fileEncoding = 4; lastKnownFileType = sourcecode.cpp.cpp; path = TankHandler.cpp; sourceTree = "<group>"; };
		D18232951C3064F500EBBB3E /* TankHandler.h */ = {isa = PBXFileReference; fileEncoding = 4; lastKnownFileType = sourcecode.c.h; path = TankHandler.h; sourceTree = "<group>"; };
		D18232981C3068E600EBBB3E /* FXHandler.cpp */ = {isa = PBXFileReference; fileEncoding = 4; lastKnownFileType = sourcecode.cpp.cpp; path = FXHandler.cpp; sourceTree = "<group>"; };
		D18232991C3068E600EBBB3E /* FXHandler.h */ = {isa = PBXFileReference; fileEncoding = 4; lastKnownFileType = sourcecode.c.h; path = FXHandler.h; sourceTree = "<group>"; };
		D182329B1C3069C800EBBB3E /* GameTask.cpp */ = {isa = PBXFileReference; fileEncoding = 4; lastKnownFileType = sourcecode.cpp.cpp; path = GameTask.cpp; sourceTree = "<group>"; };
		D182329C1C3069C800EBBB3E /* GameTask.h */ = {isa = PBXFileReference; fileEncoding = 4; lastKnownFileType = sourcecode.c.h; path = GameTask.h; sourceTree = "<group>"; };
		D182329E1C306ADE00EBBB3E /* SoundTask.cpp */ = {isa = PBXFileReference; fileEncoding = 4; lastKnownFileType = sourcecode.cpp.cpp; path = SoundTask.cpp; sourceTree = "<group>"; };
		D182329F1C306ADE00EBBB3E /* SoundTask.h */ = {isa = PBXFileReference; fileEncoding = 4; lastKnownFileType = sourcecode.c.h; path = SoundTask.h; sourceTree = "<group>"; };
		D18232A11C306E8500EBBB3E /* SDL2_mixer.framework */ = {isa = PBXFileReference; lastKnownFileType = wrapper.framework; name = SDL2_mixer.framework; path = ../../../../../../Library/Frameworks/SDL2_mixer.framework; sourceTree = "<group>"; };
		D18232A31C30818300EBBB3E /* VideoTask.cpp */ = {isa = PBXFileReference; fileEncoding = 4; lastKnownFileType = sourcecode.cpp.cpp; path = VideoTask.cpp; sourceTree = "<group>"; };
		D18232A41C30818300EBBB3E /* VideoTask.h */ = {isa = PBXFileReference; fileEncoding = 4; lastKnownFileType = sourcecode.c.h; path = VideoTask.h; sourceTree = "<group>"; };
		D18232A61C30892E00EBBB3E /* InputTask.cpp */ = {isa = PBXFileReference; fileEncoding = 4; lastKnownFileType = sourcecode.cpp.cpp; path = InputTask.cpp; sourceTree = "<group>"; };
		D18A7DFD1C14F3E1000EA314 /* OpenGL.framework */ = {isa = PBXFileReference; lastKnownFileType = wrapper.framework; name = OpenGL.framework; path = System/Library/Frameworks/OpenGL.framework; sourceTree = SDKROOT; };
/* End PBXFileReference section */

/* Begin PBXFrameworksBuildPhase section */
		D13AA16B1C105626005F8265 /* Frameworks */ = {
			isa = PBXFrameworksBuildPhase;
			buildActionMask = 2147483647;
			files = (
				D143EC6F1C91BFA30026B3F1 /* SDL2_ttf.framework in Frameworks */,
				D17C9F771C1059F700EB6C4E /* SDL2.framework in Frameworks */,
				D18232A21C306E8500EBBB3E /* SDL2_mixer.framework in Frameworks */,
				D18A7DFE1C14F3E1000EA314 /* OpenGL.framework in Frameworks */,
			);
			runOnlyForDeploymentPostprocessing = 0;
		};
/* End PBXFrameworksBuildPhase section */

/* Begin PBXGroup section */
		D13AA1651C105626005F8265 = {
			isa = PBXGroup;
			children = (
				D166881E1CFCF7660041FE04 /* runtime */,
				D143EC6E1C91BFA20026B3F1 /* SDL2_ttf.framework */,
				D18232A11C306E8500EBBB3E /* SDL2_mixer.framework */,
				D18A7DFD1C14F3E1000EA314 /* OpenGL.framework */,
				D17C9F761C1059F700EB6C4E /* SDL2.framework */,
				D13AA1701C105626005F8265 /* tankgame */,
				D13AA16F1C105626005F8265 /* Products */,
			);
			sourceTree = "<group>";
		};
		D13AA16F1C105626005F8265 /* Products */ = {
			isa = PBXGroup;
			children = (
				D13AA16E1C105626005F8265 /* tankgame */,
			);
			name = Products;
			sourceTree = "<group>";
		};
		D13AA1701C105626005F8265 /* tankgame */ = {
			isa = PBXGroup;
			children = (
				D182329B1C3069C800EBBB3E /* GameTask.cpp */,
				D182329C1C3069C800EBBB3E /* GameTask.h */,
				D182329E1C306ADE00EBBB3E /* SoundTask.cpp */,
				D182329F1C306ADE00EBBB3E /* SoundTask.h */,
				D18232981C3068E600EBBB3E /* FXHandler.cpp */,
				D18232991C3068E600EBBB3E /* FXHandler.h */,
				D182328C1C3061E800EBBB3E /* LevelHandler.cpp */,
				D182328D1C3061E800EBBB3E /* LevelHandler.h */,
				D182328F1C30632400EBBB3E /* Item.cpp */,
				D18232901C30632400EBBB3E /* Item.h */,
				D18232831C3049A400EBBB3E /* igtl_qmesh.cpp */,
				D18232841C3049A400EBBB3E /* igtl_qmesh.h */,
				D18232891C305E2700EBBB3E /* Bullet.cpp */,
				D182328A1C305E2700EBBB3E /* Bullet.h */,
				D18232861C30523400EBBB3E /* GraphicsTask.h */,
				D18232871C30529000EBBB3E /* GraphicsTask.cpp */,
				D13AA1711C105626005F8265 /* main.cpp */,
				D182327F1C2D0E0C00EBBB3E /* GlobalTimer.h */,
				D12EB41A1C1624A500640F9F /* Singleton.h */,
				D18232801C2E627100EBBB3E /* GlobalTimer.cpp */,
				D12175011C2381410034C96C /* BaseTask.h */,
				D182327D1C2A6BE100EBBB3E /* App.h */,
				D18232A31C30818300EBBB3E /* VideoTask.cpp */,
				D18232A41C30818300EBBB3E /* VideoTask.h */,
				D18232921C3064F500EBBB3E /* Tank.cpp */,
				D18232931C3064F500EBBB3E /* Tank.h */,
				D18232941C3064F500EBBB3E /* TankHandler.cpp */,
				D18232951C3064F500EBBB3E /* TankHandler.h */,
				D182327E1C2BBED000EBBB3E /* math.h */,
				D18232821C30471B00EBBB3E /* InputTask.h */,
				D18232A61C30892E00EBBB3E /* InputTask.cpp */,
				D1103CCE1C3CD84F0003110E /* TaskHandler.cpp */,
				D1103CCF1C3CD84F0003110E /* TaskHandler.h */,
			);
			path = tankgame;
			sourceTree = "<group>";
		};
/* End PBXGroup section */

/* Begin PBXNativeTarget section */
		D13AA16D1C105626005F8265 /* tankgame */ = {
			isa = PBXNativeTarget;
			buildConfigurationList = D13AA1751C105626005F8265 /* Build configuration list for PBXNativeTarget "tankgame" */;
			buildPhases = (
				D13AA16A1C105626005F8265 /* Sources */,
				D13AA16B1C105626005F8265 /* Frameworks */,
				D13AA16C1C105626005F8265 /* CopyFiles */,
			);
			buildRules = (
			);
			dependencies = (
			);
			name = tankgame;
			productName = tankgame;
			productReference = D13AA16E1C105626005F8265 /* tankgame */;
			productType = "com.apple.product-type.tool";
		};
/* End PBXNativeTarget section */

/* Begin PBXProject section */
		D13AA1661C105626005F8265 /* Project object */ = {
			isa = PBXProject;
			attributes = {
				LastUpgradeCheck = 0830;
				ORGANIZATIONNAME = "Brien Smith Martínez";
				TargetAttributes = {
					D13AA16D1C105626005F8265 = {
						CreatedOnToolsVersion = 7.1.1;
					};
				};
			};
			buildConfigurationList = D13AA1691C105626005F8265 /* Build configuration list for PBXProject "tankgame" */;
			compatibilityVersion = "Xcode 3.2";
			developmentRegion = English;
			hasScannedForEncodings = 0;
			knownRegions = (
				en,
			);
			mainGroup = D13AA1651C105626005F8265;
			productRefGroup = D13AA16F1C105626005F8265 /* Products */;
			projectDirPath = "";
			projectRoot = "";
			targets = (
				D13AA16D1C105626005F8265 /* tankgame */,
			);
		};
/* End PBXProject section */

/* Begin PBXSourcesBuildPhase section */
		D13AA16A1C105626005F8265 /* Sources */ = {
			isa = PBXSourcesBuildPhase;
			buildActionMask = 2147483647;
			files = (
				D18232971C3064F500EBBB3E /* TankHandler.cpp in Sources */,
				D182328B1C305E2700EBBB3E /* Bullet.cpp in Sources */,
				D18232A01C306ADE00EBBB3E /* SoundTask.cpp in Sources */,
				D182328E1C3061E800EBBB3E /* LevelHandler.cpp in Sources */,
				D182329D1C3069C800EBBB3E /* GameTask.cpp in Sources */,
				D18232811C2E627100EBBB3E /* GlobalTimer.cpp in Sources */,
				D1103CD01C3CD84F0003110E /* TaskHandler.cpp in Sources */,
				D18232881C30529000EBBB3E /* GraphicsTask.cpp in Sources */,
				D18232851C3049A400EBBB3E /* igtl_qmesh.cpp in Sources */,
				D18232A51C30818300EBBB3E /* VideoTask.cpp in Sources */,
				D13AA1721C105626005F8265 /* main.cpp in Sources */,
				D18232911C30632400EBBB3E /* Item.cpp in Sources */,
				D18232A71C30892E00EBBB3E /* InputTask.cpp in Sources */,
				D182329A1C3068E600EBBB3E /* FXHandler.cpp in Sources */,
				D18232961C3064F500EBBB3E /* Tank.cpp in Sources */,
			);
			runOnlyForDeploymentPostprocessing = 0;
		};
/* End PBXSourcesBuildPhase section */

/* Begin XCBuildConfiguration section */
		D13AA1731C105626005F8265 /* Debug */ = {
			isa = XCBuildConfiguration;
			buildSettings = {
				ALWAYS_SEARCH_USER_PATHS = NO;
				CLANG_CXX_LANGUAGE_STANDARD = "gnu++0x";
				CLANG_CXX_LIBRARY = "libc++";
				CLANG_ENABLE_MODULES = YES;
				CLANG_ENABLE_OBJC_ARC = YES;
				CLANG_WARN_BOOL_CONVERSION = YES;
				CLANG_WARN_CONSTANT_CONVERSION = YES;
				CLANG_WARN_DIRECT_OBJC_ISA_USAGE = YES_ERROR;
				CLANG_WARN_EMPTY_BODY = YES;
				CLANG_WARN_ENUM_CONVERSION = YES;
				CLANG_WARN_INFINITE_RECURSION = YES;
				CLANG_WARN_INT_CONVERSION = YES;
				CLANG_WARN_OBJC_ROOT_CLASS = YES_ERROR;
				CLANG_WARN_SUSPICIOUS_MOVE = YES;
				CLANG_WARN_UNREACHABLE_CODE = YES;
				CLANG_WARN__DUPLICATE_METHOD_MATCH = YES;
				CODE_SIGN_IDENTITY = "-";
				COPY_PHASE_STRIP = NO;
				DEBUG_INFORMATION_FORMAT = dwarf;
				ENABLE_STRICT_OBJC_MSGSEND = YES;
				ENABLE_TESTABILITY = YES;
				GCC_C_LANGUAGE_STANDARD = gnu99;
				GCC_DYNAMIC_NO_PIC = NO;
				GCC_NO_COMMON_BLOCKS = YES;
				GCC_OPTIMIZATION_LEVEL = 0;
				GCC_PREPROCESSOR_DEFINITIONS = (
					"DEBUG=1",
					"$(inherited)",
				);
				GCC_WARN_64_TO_32_BIT_CONVERSION = YES;
				GCC_WARN_ABOUT_RETURN_TYPE = YES_ERROR;
				GCC_WARN_UNDECLARED_SELECTOR = YES;
				GCC_WARN_UNINITIALIZED_AUTOS = YES_AGGRESSIVE;
				GCC_WARN_UNUSED_FUNCTION = YES;
				GCC_WARN_UNUSED_VARIABLE = YES;
				MACOSX_DEPLOYMENT_TARGET = 10.10;
				MTL_ENABLE_DEBUG_INFO = YES;
				ONLY_ACTIVE_ARCH = YES;
				SDKROOT = macosx;
			};
			name = Debug;
		};
		D13AA1741C105626005F8265 /* Release */ = {
			isa = XCBuildConfiguration;
			buildSettings = {
				ALWAYS_SEARCH_USER_PATHS = NO;
				CLANG_CXX_LANGUAGE_STANDARD = "gnu++0x";
				CLANG_CXX_LIBRARY = "libc++";
				CLANG_ENABLE_MODULES = YES;
				CLANG_ENABLE_OBJC_ARC = YES;
				CLANG_WARN_BOOL_CONVERSION = YES;
				CLANG_WARN_CONSTANT_CONVERSION = YES;
				CLANG_WARN_DIRECT_OBJC_ISA_USAGE = YES_ERROR;
				CLANG_WARN_EMPTY_BODY = YES;
				CLANG_WARN_ENUM_CONVERSION = YES;
				CLANG_WARN_INFINITE_RECURSION = YES;
				CLANG_WARN_INT_CONVERSION = YES;
				CLANG_WARN_OBJC_ROOT_CLASS = YES_ERROR;
				CLANG_WARN_SUSPICIOUS_MOVE = YES;
				CLANG_WARN_UNREACHABLE_CODE = YES;
				CLANG_WARN__DUPLICATE_METHOD_MATCH = YES;
				CODE_SIGN_IDENTITY = "-";
				COPY_PHASE_STRIP = NO;
				DEBUG_INFORMATION_FORMAT = "dwarf-with-dsym";
				ENABLE_NS_ASSERTIONS = NO;
				ENABLE_STRICT_OBJC_MSGSEND = YES;
				GCC_C_LANGUAGE_STANDARD = gnu99;
				GCC_NO_COMMON_BLOCKS = YES;
				GCC_WARN_64_TO_32_BIT_CONVERSION = YES;
				GCC_WARN_ABOUT_RETURN_TYPE = YES_ERROR;
				GCC_WARN_UNDECLARED_SELECTOR = YES;
				GCC_WARN_UNINITIALIZED_AUTOS = YES_AGGRESSIVE;
				GCC_WARN_UNUSED_FUNCTION = YES;
				GCC_WARN_UNUSED_VARIABLE = YES;
				MACOSX_DEPLOYMENT_TARGET = 10.10;
				MTL_ENABLE_DEBUG_INFO = NO;
				SDKROOT = macosx;
			};
			name = Release;
		};
		D13AA1761C105626005F8265 /* Debug */ = {
			isa = XCBuildConfiguration;
			buildSettings = {
				FRAMEWORK_SEARCH_PATHS = (
					"$(inherited)",
					"$(LOCAL_LIBRARY_DIR)/Frameworks",
				);
				PRODUCT_NAME = "$(TARGET_NAME)";
			};
			name = Debug;
		};
		D13AA1771C105626005F8265 /* Release */ = {
			isa = XCBuildConfiguration;
			buildSettings = {
				FRAMEWORK_SEARCH_PATHS = (
					"$(inherited)",
					"$(LOCAL_LIBRARY_DIR)/Frameworks",
				);
				PRODUCT_NAME = "$(TARGET_NAME)";
			};
			name = Release;
		};
/* End XCBuildConfiguration section */

/* Begin XCConfigurationList section */
		D13AA1691C105626005F8265 /* Build configuration list for PBXProject "tankgame" */ = {
			isa = XCConfigurationList;
			buildConfigurations = (
				D13AA1731C105626005F8265 /* Debug */,
				D13AA1741C105626005F8265 /* Release */,
			);
			defaultConfigurationIsVisible = 0;
			defaultConfigurationName = Release;
		};
		D13AA1751C105626005F8265 /* Build configuration list for PBXNativeTarget "tankgame" */ = {
			isa = XCConfigurationList;
			buildConfigurations = (
				D13AA1761C105626005F8265 /* Debug */,
				D13AA1771C105626005F8265 /* Release */,
			);
			defaultConfigurationIsVisible = 0;
			defaultConfigurationName = Release;
		};
/* End XCConfigurationList section */
	};
	rootObject = D13AA1661C105626005F8265 /* Project object */;
}
