// !$*UTF8*$!
{
	archiveVersion = 1;
	classes = {
	};
	objectVersion = 46;
	objects = {

/* Begin PBXBuildFile section */
		D13AA1721C105626005F8265 /* main.cpp in Sources */ = {isa = PBXBuildFile; fileRef = D13AA1711C105626005F8265 /* main.cpp */; };
		D17C9F771C1059F700EB6C4E /* SDL2.framework in Frameworks */ = {isa = PBXBuildFile; fileRef = D17C9F761C1059F700EB6C4E /* SDL2.framework */; };
		D18A7DFE1C14F3E1000EA314 /* OpenGL.framework in Frameworks */ = {isa = PBXBuildFile; fileRef = D18A7DFD1C14F3E1000EA314 /* OpenGL.framework */; };
/* End PBXBuildFile section */

/* Begin PBXCopyFilesBuildPhase section */
		D13AA16C1C105626005F8265 /* CopyFiles */ = {
			isa = PBXCopyFilesBuildPhase;
			buildActionMask = 2147483647;
			dstPath = /usr/share/man/man1/;
			dstSubfolderSpec = 0;
			files = (
			);
			runOnlyForDeploymentPostprocessing = 1;
		};
/* End PBXCopyFilesBuildPhase section */

/* Begin PBXFileReference section */
		D12175011C2381410034C96C /* BaseTask.h */ = {isa = PBXFileReference; lastKnownFileType = sourcecode.c.h; path = BaseTask.h; sourceTree = "<group>"; };
		D12EB41A1C1624A500640F9F /* Singleton.h */ = {isa = PBXFileReference; lastKnownFileType = sourcecode.c.h; path = Singleton.h; sourceTree = "<group>"; };
		D13AA16E1C105626005F8265 /* tankgame */ = {isa = PBXFileReference; explicitFileType = "compiled.mach-o.executable"; includeInIndex = 0; path = tankgame; sourceTree = BUILT_PRODUCTS_DIR; };
		D13AA1711C105626005F8265 /* main.cpp */ = {isa = PBXFileReference; lastKnownFileType = sourcecode.cpp.cpp; path = main.cpp; sourceTree = "<group>"; };
		D17C9F761C1059F700EB6C4E /* SDL2.framework */ = {isa = PBXFileReference; lastKnownFileType = wrapper.framework; name = SDL2.framework; path = ../../../../../../Library/Frameworks/SDL2.framework; sourceTree = "<group>"; };
		D182327D1C2A6BE100EBBB3E /* App.h */ = {isa = PBXFileReference; lastKnownFileType = sourcecode.c.h; path = App.h; sourceTree = "<group>"; };
		D18A7DFD1C14F3E1000EA314 /* OpenGL.framework */ = {isa = PBXFileReference; lastKnownFileType = wrapper.framework; name = OpenGL.framework; path = System/Library/Frameworks/OpenGL.framework; sourceTree = SDKROOT; };
/* End PBXFileReference section */

/* Begin PBXFrameworksBuildPhase section */
		D13AA16B1C105626005F8265 /* Frameworks */ = {
			isa = PBXFrameworksBuildPhase;
			buildActionMask = 2147483647;
			files = (
				D18A7DFE1C14F3E1000EA314 /* OpenGL.framework in Frameworks */,
				D17C9F771C1059F700EB6C4E /* SDL2.framework in Frameworks */,
			);
			runOnlyForDeploymentPostprocessing = 0;
		};
/* End PBXFrameworksBuildPhase section */

/* Begin PBXGroup section */
		D13AA1651C105626005F8265 = {
			isa = PBXGroup;
			children = (
				D18A7DFD1C14F3E1000EA314 /* OpenGL.framework */,
				D17C9F761C1059F700EB6C4E /* SDL2.framework */,
				D13AA1701C105626005F8265 /* tankgame */,
				D13AA16F1C105626005F8265 /* Products */,
			);
			sourceTree = "<group>";
		};
		D13AA16F1C105626005F8265 /* Products */ = {
			isa = PBXGroup;
			children = (
				D13AA16E1C105626005F8265 /* tankgame */,
			);
			name = Products;
			sourceTree = "<group>";
		};
		D13AA1701C105626005F8265 /* tankgame */ = {
			isa = PBXGroup;
			children = (
				D13AA1711C105626005F8265 /* main.cpp */,
				D12EB41A1C1624A500640F9F /* Singleton.h */,
				D12175011C2381410034C96C /* BaseTask.h */,
				D182327D1C2A6BE100EBBB3E /* App.h */,
			);
			path = tankgame;
			sourceTree = "<group>";
		};
/* End PBXGroup section */

/* Begin PBXNativeTarget section */
		D13AA16D1C105626005F8265 /* tankgame */ = {
			isa = PBXNativeTarget;
			buildConfigurationList = D13AA1751C105626005F8265 /* Build configuration list for PBXNativeTarget "tankgame" */;
			buildPhases = (
				D13AA16A1C105626005F8265 /* Sources */,
				D13AA16B1C105626005F8265 /* Frameworks */,
				D13AA16C1C105626005F8265 /* CopyFiles */,
			);
			buildRules = (
			);
			dependencies = (
			);
			name = tankgame;
			productName = tankgame;
			productReference = D13AA16E1C105626005F8265 /* tankgame */;
			productType = "com.apple.product-type.tool";
		};
/* End PBXNativeTarget section */

/* Begin PBXProject section */
		D13AA1661C105626005F8265 /* Project object */ = {
			isa = PBXProject;
			attributes = {
				LastUpgradeCheck = 0710;
				ORGANIZATIONNAME = "Brien Smith Martínez";
				TargetAttributes = {
					D13AA16D1C105626005F8265 = {
						CreatedOnToolsVersion = 7.1.1;
					};
				};
			};
			buildConfigurationList = D13AA1691C105626005F8265 /* Build configuration list for PBXProject "tankgame" */;
			compatibilityVersion = "Xcode 3.2";
			developmentRegion = English;
			hasScannedForEncodings = 0;
			knownRegions = (
				en,
			);
			mainGroup = D13AA1651C105626005F8265;
			productRefGroup = D13AA16F1C105626005F8265 /* Products */;
			projectDirPath = "";
			projectRoot = "";
			targets = (
				D13AA16D1C105626005F8265 /* tankgame */,
			);
		};
/* End PBXProject section */

/* Begin PBXSourcesBuildPhase section */
		D13AA16A1C105626005F8265 /* Sources */ = {
			isa = PBXSourcesBuildPhase;
			buildActionMask = 2147483647;
			files = (
				D13AA1721C105626005F8265 /* main.cpp in Sources */,
			);
			runOnlyForDeploymentPostprocessing = 0;
		};
/* End PBXSourcesBuildPhase section */

/* Begin XCBuildConfiguration section */
		D13AA1731C105626005F8265 /* Debug */ = {
			isa = XCBuildConfiguration;
			buildSettings = {
				ALWAYS_SEARCH_USER_PATHS = NO;
				CLANG_CXX_LANGUAGE_STANDARD = "gnu++0x";
				CLANG_CXX_LIBRARY = "libc++";
				CLANG_ENABLE_MODULES = YES;
				CLANG_ENABLE_OBJC_ARC = YES;
				CLANG_WARN_BOOL_CONVERSION = YES;
				CLANG_WARN_CONSTANT_CONVERSION = YES;
				CLANG_WARN_DIRECT_OBJC_ISA_USAGE = YES_ERROR;
				CLANG_WARN_EMPTY_BODY = YES;
				CLANG_WARN_ENUM_CONVERSION = YES;
				CLANG_WARN_INT_CONVERSION = YES;
				CLANG_WARN_OBJC_ROOT_CLASS = YES_ERROR;
				CLANG_WARN_UNREACHABLE_CODE = YES;
				CLANG_WARN__DUPLICATE_METHOD_MATCH = YES;
				CODE_SIGN_IDENTITY = "-";
				COPY_PHASE_STRIP = NO;
				DEBUG_INFORMATION_FORMAT = dwarf;
				ENABLE_STRICT_OBJC_MSGSEND = YES;
				ENABLE_TESTABILITY = YES;
				GCC_C_LANGUAGE_STANDARD = gnu99;
				GCC_DYNAMIC_NO_PIC = NO;
				GCC_NO_COMMON_BLOCKS = YES;
				GCC_OPTIMIZATION_LEVEL = 0;
				GCC_PREPROCESSOR_DEFINITIONS = (
					"DEBUG=1",
					"$(inherited)",
				);
				GCC_WARN_64_TO_32_BIT_CONVERSION = YES;
				GCC_WARN_ABOUT_RETURN_TYPE = YES_ERROR;
				GCC_WARN_UNDECLARED_SELECTOR = YES;
				GCC_WARN_UNINITIALIZED_AUTOS = YES_AGGRESSIVE;
				GCC_WARN_UNUSED_FUNCTION = YES;
				GCC_WARN_UNUSED_VARIABLE = YES;
				MACOSX_DEPLOYMENT_TARGET = 10.10;
				MTL_ENABLE_DEBUG_INFO = YES;
				ONLY_ACTIVE_ARCH = YES;
				SDKROOT = macosx;
			};
			name = Debug;
		};
		D13AA1741C105626005F8265 /* Release */ = {
			isa = XCBuildConfiguration;
			buildSettings = {
				ALWAYS_SEARCH_USER_PATHS = NO;
				CLANG_CXX_LANGUAGE_STANDARD = "gnu++0x";
				CLANG_CXX_LIBRARY = "libc++";
				CLANG_ENABLE_MODULES = YES;
				CLANG_ENABLE_OBJC_ARC = YES;
				CLANG_WARN_BOOL_CONVERSION = YES;
				CLANG_WARN_CONSTANT_CONVERSION = YES;
				CLANG_WARN_DIRECT_OBJC_ISA_USAGE = YES_ERROR;
				CLANG_WARN_EMPTY_BODY = YES;
				CLANG_WARN_ENUM_CONVERSION = YES;
				CLANG_WARN_INT_CONVERSION = YES;
				CLANG_WARN_OBJC_ROOT_CLASS = YES_ERROR;
				CLANG_WARN_UNREACHABLE_CODE = YES;
				CLANG_WARN__DUPLICATE_METHOD_MATCH = YES;
				CODE_SIGN_IDENTITY = "-";
				COPY_PHASE_STRIP = NO;
				DEBUG_INFORMATION_FORMAT = "dwarf-with-dsym";
				ENABLE_NS_ASSERTIONS = NO;
				ENABLE_STRICT_OBJC_MSGSEND = YES;
				GCC_C_LANGUAGE_STANDARD = gnu99;
				GCC_NO_COMMON_BLOCKS = YES;
				GCC_WARN_64_TO_32_BIT_CONVERSION = YES;
				GCC_WARN_ABOUT_RETURN_TYPE = YES_ERROR;
				GCC_WARN_UNDECLARED_SELECTOR = YES;
				GCC_WARN_UNINITIALIZED_AUTOS = YES_AGGRESSIVE;
				GCC_WARN_UNUSED_FUNCTION = YES;
				GCC_WARN_UNUSED_VARIABLE = YES;
				MACOSX_DEPLOYMENT_TARGET = 10.10;
				MTL_ENABLE_DEBUG_INFO = NO;
				SDKROOT = macosx;
			};
			name = Release;
		};
		D13AA1761C105626005F8265 /* Debug */ = {
			isa = XCBuildConfiguration;
			buildSettings = {
				FRAMEWORK_SEARCH_PATHS = (
					"$(inherited)",
					"$(LOCAL_LIBRARY_DIR)/Frameworks",
				);
				PRODUCT_NAME = "$(TARGET_NAME)";
			};
			name = Debug;
		};
		D13AA1771C105626005F8265 /* Release */ = {
			isa = XCBuildConfiguration;
			buildSettings = {
				FRAMEWORK_SEARCH_PATHS = (
					"$(inherited)",
					"$(LOCAL_LIBRARY_DIR)/Frameworks",
				);
				PRODUCT_NAME = "$(TARGET_NAME)";
			};
			name = Release;
		};
/* End XCBuildConfiguration section */

/* Begin XCConfigurationList section */
		D13AA1691C105626005F8265 /* Build configuration list for PBXProject "tankgame" */ = {
			isa = XCConfigurationList;
			buildConfigurations = (
				D13AA1731C105626005F8265 /* Debug */,
				D13AA1741C105626005F8265 /* Release */,
			);
			defaultConfigurationIsVisible = 0;
			defaultConfigurationName = Release;
		};
		D13AA1751C105626005F8265 /* Build configuration list for PBXNativeTarget "tankgame" */ = {
			isa = XCConfigurationList;
			buildConfigurations = (
				D13AA1761C105626005F8265 /* Debug */,
				D13AA1771C105626005F8265 /* Release */,
			);
			defaultConfigurationIsVisible = 0;
			defaultConfigurationName = Release;
		};
/* End XCConfigurationList section */
	};
	rootObject = D13AA1661C105626005F8265 /* Project object */;
}
